
Microsoft Visual Studio Solution File, Format Version 12.00
# Visual Studio 14
VisualStudioVersion = 14.0.23107.0
MinimumVisualStudioVersion = 10.0.40219.1
Project("{FAE04EC0-301F-11D3-BF4B-00C04F79EFBC}") = "myeventsurvey", "myeventsurvey\myeventsurvey.csproj", "{89FB2613-C7E6-4CEA-A54D-1EBE85269326}"
EndProject
Project("{FAE04EC0-301F-11D3-BF4B-00C04F79EFBC}") = "myeventsurvey.Tests", "myeventsurvey.Tests\myeventsurvey.Tests.csproj", "{29425823-A442-47A3-9BF4-D56DD5061648}"
EndProject
Global
	GlobalSection(SolutionConfigurationPlatforms) = preSolution
		Debug|Any CPU = Debug|Any CPU
		Release|Any CPU = Release|Any CPU
	EndGlobalSection
	GlobalSection(ProjectConfigurationPlatforms) = postSolution
		{89FB2613-C7E6-4CEA-A54D-1EBE85269326}.Debug|Any CPU.ActiveCfg = Debug|Any CPU
		{89FB2613-C7E6-4CEA-A54D-1EBE85269326}.Debug|Any CPU.Build.0 = Debug|Any CPU
		{89FB2613-C7E6-4CEA-A54D-1EBE85269326}.Release|Any CPU.ActiveCfg = Release|Any CPU
		{89FB2613-C7E6-4CEA-A54D-1EBE85269326}.Release|Any CPU.Build.0 = Release|Any CPU
		{29425823-A442-47A3-9BF4-D56DD5061648}.Debug|Any CPU.ActiveCfg = Debug|Any CPU
		{29425823-A442-47A3-9BF4-D56DD5061648}.Debug|Any CPU.Build.0 = Debug|Any CPU
		{29425823-A442-47A3-9BF4-D56DD5061648}.Release|Any CPU.ActiveCfg = Release|Any CPU
		{29425823-A442-47A3-9BF4-D56DD5061648}.Release|Any CPU.Build.0 = Release|Any CPU
	EndGlobalSection
	GlobalSection(SolutionProperties) = preSolution
		HideSolutionNode = FALSE
	EndGlobalSection
EndGlobal
